// !$*UTF8*$!
{
	archiveVersion = 1;
	classes = {
	};
	objectVersion = 46;
	objects = {

/* Begin PBXBuildFile section */
		5EC11F1918837BC5002C8580 /* NGABaseHttpClient.m in Sources */ = {isa = PBXBuildFile; fileRef = 5EC11F1118837BC5002C8580 /* NGABaseHttpClient.m */; };
		5EC11F1A18837BC5002C8580 /* NGAJSONHttpClient.m in Sources */ = {isa = PBXBuildFile; fileRef = 5EC11F1418837BC5002C8580 /* NGAJSONHttpClient.m */; };
		5EC11F1B18837BC5002C8580 /* NGAUserLoginUtil.m in Sources */ = {isa = PBXBuildFile; fileRef = 5EC11F1718837BC5002C8580 /* NGAUserLoginUtil.m */; };
		5EC11F1E18837C27002C8580 /* NGARootViewController.m in Sources */ = {isa = PBXBuildFile; fileRef = 5EC11F1D18837C27002C8580 /* NGARootViewController.m */; };
		5EC11F2618837DFF002C8580 /* OCGumbo.m in Sources */ = {isa = PBXBuildFile; fileRef = 5EC11F2318837DFF002C8580 /* OCGumbo.m */; };
		5EC11F2718837DFF002C8580 /* OCGumbo+Query.m in Sources */ = {isa = PBXBuildFile; fileRef = 5EC11F2518837DFF002C8580 /* OCGumbo+Query.m */; };
		5EC11F4118837E1E002C8580 /* attribute.c in Sources */ = {isa = PBXBuildFile; fileRef = 5EC11F2818837E1E002C8580 /* attribute.c */; };
		5EC11F4218837E1E002C8580 /* char_ref.c in Sources */ = {isa = PBXBuildFile; fileRef = 5EC11F2A18837E1E002C8580 /* char_ref.c */; };
		5EC11F4318837E1E002C8580 /* error.c in Sources */ = {isa = PBXBuildFile; fileRef = 5EC11F2C18837E1E002C8580 /* error.c */; };
		5EC11F4418837E1E002C8580 /* parser.c in Sources */ = {isa = PBXBuildFile; fileRef = 5EC11F3018837E1E002C8580 /* parser.c */; };
		5EC11F4518837E1E002C8580 /* string_buffer.c in Sources */ = {isa = PBXBuildFile; fileRef = 5EC11F3218837E1E002C8580 /* string_buffer.c */; };
		5EC11F4618837E1E002C8580 /* string_piece.c in Sources */ = {isa = PBXBuildFile; fileRef = 5EC11F3418837E1E002C8580 /* string_piece.c */; };
		5EC11F4718837E1E002C8580 /* tag.c in Sources */ = {isa = PBXBuildFile; fileRef = 5EC11F3618837E1E002C8580 /* tag.c */; };
		5EC11F4818837E1E002C8580 /* tokenizer.c in Sources */ = {isa = PBXBuildFile; fileRef = 5EC11F3918837E1E002C8580 /* tokenizer.c */; };
		5EC11F4918837E1E002C8580 /* utf8.c in Sources */ = {isa = PBXBuildFile; fileRef = 5EC11F3B18837E1E002C8580 /* utf8.c */; };
		5EC11F4A18837E1E002C8580 /* util.c in Sources */ = {isa = PBXBuildFile; fileRef = 5EC11F3D18837E1E002C8580 /* util.c */; };
		5EC11F4B18837E1E002C8580 /* vector.c in Sources */ = {isa = PBXBuildFile; fileRef = 5EC11F3F18837E1E002C8580 /* vector.c */; };
		5EC11F5118837EEF002C8580 /* NGAMenuViewController.m in Sources */ = {isa = PBXBuildFile; fileRef = 5EC11F5018837EEF002C8580 /* NGAMenuViewController.m */; };
		5EC11F5418837F5D002C8580 /* NGAHomeViewController.m in Sources */ = {isa = PBXBuildFile; fileRef = 5EC11F5318837F5D002C8580 /* NGAHomeViewController.m */; };
		5EC11F5718837F7E002C8580 /* NGASettingViewController.m in Sources */ = {isa = PBXBuildFile; fileRef = 5EC11F5618837F7E002C8580 /* NGASettingViewController.m */; };
		5EFBC41A1883745500F8CE6B /* Foundation.framework in Frameworks */ = {isa = PBXBuildFile; fileRef = 5EFBC4191883745500F8CE6B /* Foundation.framework */; };
		5EFBC41C1883745500F8CE6B /* CoreGraphics.framework in Frameworks */ = {isa = PBXBuildFile; fileRef = 5EFBC41B1883745500F8CE6B /* CoreGraphics.framework */; };
		5EFBC41E1883745500F8CE6B /* UIKit.framework in Frameworks */ = {isa = PBXBuildFile; fileRef = 5EFBC41D1883745500F8CE6B /* UIKit.framework */; };
		5EFBC4241883745500F8CE6B /* InfoPlist.strings in Resources */ = {isa = PBXBuildFile; fileRef = 5EFBC4221883745500F8CE6B /* InfoPlist.strings */; };
		5EFBC4261883745500F8CE6B /* main.m in Sources */ = {isa = PBXBuildFile; fileRef = 5EFBC4251883745500F8CE6B /* main.m */; };
		5EFBC42A1883745500F8CE6B /* NGAAppDelegate.m in Sources */ = {isa = PBXBuildFile; fileRef = 5EFBC4291883745500F8CE6B /* NGAAppDelegate.m */; };
		5EFBC42D1883745500F8CE6B /* Main.storyboard in Resources */ = {isa = PBXBuildFile; fileRef = 5EFBC42B1883745500F8CE6B /* Main.storyboard */; };
		5EFBC4321883745500F8CE6B /* Images.xcassets in Resources */ = {isa = PBXBuildFile; fileRef = 5EFBC4311883745500F8CE6B /* Images.xcassets */; };
		5EFBC4391883745500F8CE6B /* XCTest.framework in Frameworks */ = {isa = PBXBuildFile; fileRef = 5EFBC4381883745500F8CE6B /* XCTest.framework */; };
		5EFBC43A1883745500F8CE6B /* Foundation.framework in Frameworks */ = {isa = PBXBuildFile; fileRef = 5EFBC4191883745500F8CE6B /* Foundation.framework */; };
		5EFBC43B1883745500F8CE6B /* UIKit.framework in Frameworks */ = {isa = PBXBuildFile; fileRef = 5EFBC41D1883745500F8CE6B /* UIKit.framework */; };
		5EFBC4431883745500F8CE6B /* InfoPlist.strings in Resources */ = {isa = PBXBuildFile; fileRef = 5EFBC4411883745500F8CE6B /* InfoPlist.strings */; };
		5EFBC4451883745500F8CE6B /* iNGATests.m in Sources */ = {isa = PBXBuildFile; fileRef = 5EFBC4441883745500F8CE6B /* iNGATests.m */; };
		C1C9EFB0042D4A408FA07DE2 /* libPods.a in Frameworks */ = {isa = PBXBuildFile; fileRef = AF5B19146BB94800B38D4B26 /* libPods.a */; };
/* End PBXBuildFile section */

/* Begin PBXContainerItemProxy section */
		5EFBC43C1883745500F8CE6B /* PBXContainerItemProxy */ = {
			isa = PBXContainerItemProxy;
			containerPortal = 5EFBC40E1883745500F8CE6B /* Project object */;
			proxyType = 1;
			remoteGlobalIDString = 5EFBC4151883745500F8CE6B;
			remoteInfo = iNGA;
		};
/* End PBXContainerItemProxy section */

/* Begin PBXFileReference section */
		59929BB69B2A462F82E766D0 /* Pods.xcconfig */ = {isa = PBXFileReference; includeInIndex = 1; lastKnownFileType = text.xcconfig; name = Pods.xcconfig; path = Pods/Pods.xcconfig; sourceTree = "<group>"; };
		5EC11F1018837BC5002C8580 /* NGABaseHttpClient.h */ = {isa = PBXFileReference; fileEncoding = 4; lastKnownFileType = sourcecode.c.h; path = NGABaseHttpClient.h; sourceTree = "<group>"; };
		5EC11F1118837BC5002C8580 /* NGABaseHttpClient.m */ = {isa = PBXFileReference; fileEncoding = 4; lastKnownFileType = sourcecode.c.objc; path = NGABaseHttpClient.m; sourceTree = "<group>"; };
		5EC11F1218837BC5002C8580 /* NGABaseHttpClientDelegate.h */ = {isa = PBXFileReference; fileEncoding = 4; lastKnownFileType = sourcecode.c.h; path = NGABaseHttpClientDelegate.h; sourceTree = "<group>"; };
		5EC11F1318837BC5002C8580 /* NGAJSONHttpClient.h */ = {isa = PBXFileReference; fileEncoding = 4; lastKnownFileType = sourcecode.c.h; path = NGAJSONHttpClient.h; sourceTree = "<group>"; };
		5EC11F1418837BC5002C8580 /* NGAJSONHttpClient.m */ = {isa = PBXFileReference; fileEncoding = 4; lastKnownFileType = sourcecode.c.objc; path = NGAJSONHttpClient.m; sourceTree = "<group>"; };
		5EC11F1518837BC5002C8580 /* NGAJSONHttpClientDelegate.h */ = {isa = PBXFileReference; fileEncoding = 4; lastKnownFileType = sourcecode.c.h; path = NGAJSONHttpClientDelegate.h; sourceTree = "<group>"; };
		5EC11F1618837BC5002C8580 /* NGAUserLoginUtil.h */ = {isa = PBXFileReference; fileEncoding = 4; lastKnownFileType = sourcecode.c.h; path = NGAUserLoginUtil.h; sourceTree = "<group>"; };
		5EC11F1718837BC5002C8580 /* NGAUserLoginUtil.m */ = {isa = PBXFileReference; fileEncoding = 4; lastKnownFileType = sourcecode.c.objc; path = NGAUserLoginUtil.m; sourceTree = "<group>"; };
		5EC11F1818837BC5002C8580 /* NGAUserLoginUtilDelegate.h */ = {isa = PBXFileReference; fileEncoding = 4; lastKnownFileType = sourcecode.c.h; path = NGAUserLoginUtilDelegate.h; sourceTree = "<group>"; };
		5EC11F1C18837C27002C8580 /* NGARootViewController.h */ = {isa = PBXFileReference; fileEncoding = 4; lastKnownFileType = sourcecode.c.h; path = NGARootViewController.h; sourceTree = "<group>"; };
		5EC11F1D18837C27002C8580 /* NGARootViewController.m */ = {isa = PBXFileReference; fileEncoding = 4; lastKnownFileType = sourcecode.c.objc; path = NGARootViewController.m; sourceTree = "<group>"; };
		5EC11F2218837DFF002C8580 /* OCGumbo.h */ = {isa = PBXFileReference; fileEncoding = 4; lastKnownFileType = sourcecode.c.h; path = OCGumbo.h; sourceTree = "<group>"; };
		5EC11F2318837DFF002C8580 /* OCGumbo.m */ = {isa = PBXFileReference; fileEncoding = 4; lastKnownFileType = sourcecode.c.objc; path = OCGumbo.m; sourceTree = "<group>"; };
		5EC11F2418837DFF002C8580 /* OCGumbo+Query.h */ = {isa = PBXFileReference; fileEncoding = 4; lastKnownFileType = sourcecode.c.h; path = "OCGumbo+Query.h"; sourceTree = "<group>"; };
		5EC11F2518837DFF002C8580 /* OCGumbo+Query.m */ = {isa = PBXFileReference; fileEncoding = 4; lastKnownFileType = sourcecode.c.objc; path = "OCGumbo+Query.m"; sourceTree = "<group>"; };
		5EC11F2818837E1E002C8580 /* attribute.c */ = {isa = PBXFileReference; fileEncoding = 4; lastKnownFileType = sourcecode.c.c; path = attribute.c; sourceTree = "<group>"; };
		5EC11F2918837E1E002C8580 /* attribute.h */ = {isa = PBXFileReference; fileEncoding = 4; lastKnownFileType = sourcecode.c.h; path = attribute.h; sourceTree = "<group>"; };
		5EC11F2A18837E1E002C8580 /* char_ref.c */ = {isa = PBXFileReference; fileEncoding = 4; lastKnownFileType = sourcecode.c.c; path = char_ref.c; sourceTree = "<group>"; };
		5EC11F2B18837E1E002C8580 /* char_ref.h */ = {isa = PBXFileReference; fileEncoding = 4; lastKnownFileType = sourcecode.c.h; path = char_ref.h; sourceTree = "<group>"; };
		5EC11F2C18837E1E002C8580 /* error.c */ = {isa = PBXFileReference; fileEncoding = 4; lastKnownFileType = sourcecode.c.c; path = error.c; sourceTree = "<group>"; };
		5EC11F2D18837E1E002C8580 /* error.h */ = {isa = PBXFileReference; fileEncoding = 4; lastKnownFileType = sourcecode.c.h; path = error.h; sourceTree = "<group>"; };
		5EC11F2E18837E1E002C8580 /* gumbo.h */ = {isa = PBXFileReference; fileEncoding = 4; lastKnownFileType = sourcecode.c.h; path = gumbo.h; sourceTree = "<group>"; };
		5EC11F2F18837E1E002C8580 /* insertion_mode.h */ = {isa = PBXFileReference; fileEncoding = 4; lastKnownFileType = sourcecode.c.h; path = insertion_mode.h; sourceTree = "<group>"; };
		5EC11F3018837E1E002C8580 /* parser.c */ = {isa = PBXFileReference; fileEncoding = 4; lastKnownFileType = sourcecode.c.c; path = parser.c; sourceTree = "<group>"; };
		5EC11F3118837E1E002C8580 /* parser.h */ = {isa = PBXFileReference; fileEncoding = 4; lastKnownFileType = sourcecode.c.h; path = parser.h; sourceTree = "<group>"; };
		5EC11F3218837E1E002C8580 /* string_buffer.c */ = {isa = PBXFileReference; fileEncoding = 4; lastKnownFileType = sourcecode.c.c; path = string_buffer.c; sourceTree = "<group>"; };
		5EC11F3318837E1E002C8580 /* string_buffer.h */ = {isa = PBXFileReference; fileEncoding = 4; lastKnownFileType = sourcecode.c.h; path = string_buffer.h; sourceTree = "<group>"; };
		5EC11F3418837E1E002C8580 /* string_piece.c */ = {isa = PBXFileReference; fileEncoding = 4; lastKnownFileType = sourcecode.c.c; path = string_piece.c; sourceTree = "<group>"; };
		5EC11F3518837E1E002C8580 /* string_piece.h */ = {isa = PBXFileReference; fileEncoding = 4; lastKnownFileType = sourcecode.c.h; path = string_piece.h; sourceTree = "<group>"; };
		5EC11F3618837E1E002C8580 /* tag.c */ = {isa = PBXFileReference; fileEncoding = 4; lastKnownFileType = sourcecode.c.c; path = tag.c; sourceTree = "<group>"; };
		5EC11F3718837E1E002C8580 /* token_type.h */ = {isa = PBXFileReference; fileEncoding = 4; lastKnownFileType = sourcecode.c.h; path = token_type.h; sourceTree = "<group>"; };
		5EC11F3818837E1E002C8580 /* tokenizer_states.h */ = {isa = PBXFileReference; fileEncoding = 4; lastKnownFileType = sourcecode.c.h; path = tokenizer_states.h; sourceTree = "<group>"; };
		5EC11F3918837E1E002C8580 /* tokenizer.c */ = {isa = PBXFileReference; fileEncoding = 4; lastKnownFileType = sourcecode.c.c; path = tokenizer.c; sourceTree = "<group>"; };
		5EC11F3A18837E1E002C8580 /* tokenizer.h */ = {isa = PBXFileReference; fileEncoding = 4; lastKnownFileType = sourcecode.c.h; path = tokenizer.h; sourceTree = "<group>"; };
		5EC11F3B18837E1E002C8580 /* utf8.c */ = {isa = PBXFileReference; fileEncoding = 4; lastKnownFileType = sourcecode.c.c; path = utf8.c; sourceTree = "<group>"; };
		5EC11F3C18837E1E002C8580 /* utf8.h */ = {isa = PBXFileReference; fileEncoding = 4; lastKnownFileType = sourcecode.c.h; path = utf8.h; sourceTree = "<group>"; };
		5EC11F3D18837E1E002C8580 /* util.c */ = {isa = PBXFileReference; fileEncoding = 4; lastKnownFileType = sourcecode.c.c; path = util.c; sourceTree = "<group>"; };
		5EC11F3E18837E1E002C8580 /* util.h */ = {isa = PBXFileReference; fileEncoding = 4; lastKnownFileType = sourcecode.c.h; path = util.h; sourceTree = "<group>"; };
		5EC11F3F18837E1E002C8580 /* vector.c */ = {isa = PBXFileReference; fileEncoding = 4; lastKnownFileType = sourcecode.c.c; path = vector.c; sourceTree = "<group>"; };
		5EC11F4018837E1E002C8580 /* vector.h */ = {isa = PBXFileReference; fileEncoding = 4; lastKnownFileType = sourcecode.c.h; path = vector.h; sourceTree = "<group>"; };
		5EC11F4F18837EEF002C8580 /* NGAMenuViewController.h */ = {isa = PBXFileReference; fileEncoding = 4; lastKnownFileType = sourcecode.c.h; path = NGAMenuViewController.h; sourceTree = "<group>"; };
		5EC11F5018837EEF002C8580 /* NGAMenuViewController.m */ = {isa = PBXFileReference; fileEncoding = 4; lastKnownFileType = sourcecode.c.objc; path = NGAMenuViewController.m; sourceTree = "<group>"; };
		5EC11F5218837F5D002C8580 /* NGAHomeViewController.h */ = {isa = PBXFileReference; fileEncoding = 4; lastKnownFileType = sourcecode.c.h; path = NGAHomeViewController.h; sourceTree = "<group>"; };
		5EC11F5318837F5D002C8580 /* NGAHomeViewController.m */ = {isa = PBXFileReference; fileEncoding = 4; lastKnownFileType = sourcecode.c.objc; path = NGAHomeViewController.m; sourceTree = "<group>"; };
		5EC11F5518837F7E002C8580 /* NGASettingViewController.h */ = {isa = PBXFileReference; fileEncoding = 4; lastKnownFileType = sourcecode.c.h; path = NGASettingViewController.h; sourceTree = "<group>"; };
		5EC11F5618837F7E002C8580 /* NGASettingViewController.m */ = {isa = PBXFileReference; fileEncoding = 4; lastKnownFileType = sourcecode.c.objc; path = NGASettingViewController.m; sourceTree = "<group>"; };
		5EFBC4161883745500F8CE6B /* iNGA.app */ = {isa = PBXFileReference; explicitFileType = wrapper.application; includeInIndex = 0; path = iNGA.app; sourceTree = BUILT_PRODUCTS_DIR; };
		5EFBC4191883745500F8CE6B /* Foundation.framework */ = {isa = PBXFileReference; lastKnownFileType = wrapper.framework; name = Foundation.framework; path = System/Library/Frameworks/Foundation.framework; sourceTree = SDKROOT; };
		5EFBC41B1883745500F8CE6B /* CoreGraphics.framework */ = {isa = PBXFileReference; lastKnownFileType = wrapper.framework; name = CoreGraphics.framework; path = System/Library/Frameworks/CoreGraphics.framework; sourceTree = SDKROOT; };
		5EFBC41D1883745500F8CE6B /* UIKit.framework */ = {isa = PBXFileReference; lastKnownFileType = wrapper.framework; name = UIKit.framework; path = System/Library/Frameworks/UIKit.framework; sourceTree = SDKROOT; };
		5EFBC4211883745500F8CE6B /* iNGA-Info.plist */ = {isa = PBXFileReference; lastKnownFileType = text.plist.xml; path = "iNGA-Info.plist"; sourceTree = "<group>"; };
		5EFBC4231883745500F8CE6B /* en */ = {isa = PBXFileReference; lastKnownFileType = text.plist.strings; name = en; path = en.lproj/InfoPlist.strings; sourceTree = "<group>"; };
		5EFBC4251883745500F8CE6B /* main.m */ = {isa = PBXFileReference; lastKnownFileType = sourcecode.c.objc; path = main.m; sourceTree = "<group>"; };
		5EFBC4271883745500F8CE6B /* iNGA-Prefix.pch */ = {isa = PBXFileReference; lastKnownFileType = sourcecode.c.h; path = "iNGA-Prefix.pch"; sourceTree = "<group>"; };
		5EFBC4281883745500F8CE6B /* NGAAppDelegate.h */ = {isa = PBXFileReference; lastKnownFileType = sourcecode.c.h; path = NGAAppDelegate.h; sourceTree = "<group>"; };
		5EFBC4291883745500F8CE6B /* NGAAppDelegate.m */ = {isa = PBXFileReference; lastKnownFileType = sourcecode.c.objc; path = NGAAppDelegate.m; sourceTree = "<group>"; };
		5EFBC42C1883745500F8CE6B /* Base */ = {isa = PBXFileReference; lastKnownFileType = file.storyboard; name = Base; path = Base.lproj/Main.storyboard; sourceTree = "<group>"; };
		5EFBC4311883745500F8CE6B /* Images.xcassets */ = {isa = PBXFileReference; lastKnownFileType = folder.assetcatalog; path = Images.xcassets; sourceTree = "<group>"; };
		5EFBC4371883745500F8CE6B /* iNGATests.xctest */ = {isa = PBXFileReference; explicitFileType = wrapper.cfbundle; includeInIndex = 0; path = iNGATests.xctest; sourceTree = BUILT_PRODUCTS_DIR; };
		5EFBC4381883745500F8CE6B /* XCTest.framework */ = {isa = PBXFileReference; lastKnownFileType = wrapper.framework; name = XCTest.framework; path = Library/Frameworks/XCTest.framework; sourceTree = DEVELOPER_DIR; };
		5EFBC4401883745500F8CE6B /* iNGATests-Info.plist */ = {isa = PBXFileReference; lastKnownFileType = text.plist.xml; path = "iNGATests-Info.plist"; sourceTree = "<group>"; };
		5EFBC4421883745500F8CE6B /* en */ = {isa = PBXFileReference; lastKnownFileType = text.plist.strings; name = en; path = en.lproj/InfoPlist.strings; sourceTree = "<group>"; };
		5EFBC4441883745500F8CE6B /* iNGATests.m */ = {isa = PBXFileReference; lastKnownFileType = sourcecode.c.objc; path = iNGATests.m; sourceTree = "<group>"; };
		AF5B19146BB94800B38D4B26 /* libPods.a */ = {isa = PBXFileReference; explicitFileType = archive.ar; includeInIndex = 0; path = libPods.a; sourceTree = BUILT_PRODUCTS_DIR; };
/* End PBXFileReference section */

/* Begin PBXFrameworksBuildPhase section */
		5EFBC4131883745500F8CE6B /* Frameworks */ = {
			isa = PBXFrameworksBuildPhase;
			buildActionMask = 2147483647;
			files = (
				5EFBC41C1883745500F8CE6B /* CoreGraphics.framework in Frameworks */,
				5EFBC41E1883745500F8CE6B /* UIKit.framework in Frameworks */,
				5EFBC41A1883745500F8CE6B /* Foundation.framework in Frameworks */,
				C1C9EFB0042D4A408FA07DE2 /* libPods.a in Frameworks */,
			);
			runOnlyForDeploymentPostprocessing = 0;
		};
		5EFBC4341883745500F8CE6B /* Frameworks */ = {
			isa = PBXFrameworksBuildPhase;
			buildActionMask = 2147483647;
			files = (
				5EFBC4391883745500F8CE6B /* XCTest.framework in Frameworks */,
				5EFBC43B1883745500F8CE6B /* UIKit.framework in Frameworks */,
				5EFBC43A1883745500F8CE6B /* Foundation.framework in Frameworks */,
			);
			runOnlyForDeploymentPostprocessing = 0;
		};
/* End PBXFrameworksBuildPhase section */

/* Begin PBXGroup section */
		5EC11EF21883797E002C8580 /* Classes */ = {
			isa = PBXGroup;
			children = (
				5EC11F1F18837D55002C8580 /* ThirdParties */,
				5EC11EF3188379BF002C8580 /* Controllers */,
				5EC11EF4188379D5002C8580 /* Models */,
				5EC11EF618837A07002C8580 /* Utilities */,
				5EC11EF5188379FB002C8580 /* Views */,
			);
			path = Classes;
			sourceTree = "<group>";
		};
		5EC11EF3188379BF002C8580 /* Controllers */ = {
			isa = PBXGroup;
			children = (
				5EC11F1C18837C27002C8580 /* NGARootViewController.h */,
				5EC11F1D18837C27002C8580 /* NGARootViewController.m */,
				5EC11F4F18837EEF002C8580 /* NGAMenuViewController.h */,
				5EC11F5018837EEF002C8580 /* NGAMenuViewController.m */,
				5EC11F5218837F5D002C8580 /* NGAHomeViewController.h */,
				5EC11F5318837F5D002C8580 /* NGAHomeViewController.m */,
				5EC11F5518837F7E002C8580 /* NGASettingViewController.h */,
				5EC11F5618837F7E002C8580 /* NGASettingViewController.m */,
			);
			path = Controllers;
			sourceTree = "<group>";
		};
		5EC11EF4188379D5002C8580 /* Models */ = {
			isa = PBXGroup;
			children = (
			);
			path = Models;
			sourceTree = "<group>";
		};
		5EC11EF5188379FB002C8580 /* Views */ = {
			isa = PBXGroup;
			children = (
			);
			path = Views;
			sourceTree = "<group>";
		};
		5EC11EF618837A07002C8580 /* Utilities */ = {
			isa = PBXGroup;
			children = (
				5EC11EF718837B59002C8580 /* Network */,
			);
			path = Utilities;
			sourceTree = "<group>";
		};
		5EC11EF718837B59002C8580 /* Network */ = {
			isa = PBXGroup;
			children = (
				5EC11F1018837BC5002C8580 /* NGABaseHttpClient.h */,
				5EC11F1118837BC5002C8580 /* NGABaseHttpClient.m */,
				5EC11F1218837BC5002C8580 /* NGABaseHttpClientDelegate.h */,
				5EC11F1318837BC5002C8580 /* NGAJSONHttpClient.h */,
				5EC11F1418837BC5002C8580 /* NGAJSONHttpClient.m */,
				5EC11F1518837BC5002C8580 /* NGAJSONHttpClientDelegate.h */,
				5EC11F1618837BC5002C8580 /* NGAUserLoginUtil.h */,
				5EC11F1718837BC5002C8580 /* NGAUserLoginUtil.m */,
				5EC11F1818837BC5002C8580 /* NGAUserLoginUtilDelegate.h */,
			);
			path = Network;
			sourceTree = "<group>";
		};
		5EC11F1F18837D55002C8580 /* ThirdParties */ = {
			isa = PBXGroup;
			children = (
				5EC11F2118837DE2002C8580 /* OCGumbo */,
				5EC11F2018837DD5002C8580 /* Gumbo */,
			);
			path = ThirdParties;
			sourceTree = "<group>";
		};
		5EC11F2018837DD5002C8580 /* Gumbo */ = {
			isa = PBXGroup;
			children = (
				5EC11F2818837E1E002C8580 /* attribute.c */,
				5EC11F2918837E1E002C8580 /* attribute.h */,
				5EC11F2A18837E1E002C8580 /* char_ref.c */,
				5EC11F2B18837E1E002C8580 /* char_ref.h */,
				5EC11F2C18837E1E002C8580 /* error.c */,
				5EC11F2D18837E1E002C8580 /* error.h */,
				5EC11F2E18837E1E002C8580 /* gumbo.h */,
				5EC11F2F18837E1E002C8580 /* insertion_mode.h */,
				5EC11F3018837E1E002C8580 /* parser.c */,
				5EC11F3118837E1E002C8580 /* parser.h */,
				5EC11F3218837E1E002C8580 /* string_buffer.c */,
				5EC11F3318837E1E002C8580 /* string_buffer.h */,
				5EC11F3418837E1E002C8580 /* string_piece.c */,
				5EC11F3518837E1E002C8580 /* string_piece.h */,
				5EC11F3618837E1E002C8580 /* tag.c */,
				5EC11F3718837E1E002C8580 /* token_type.h */,
				5EC11F3818837E1E002C8580 /* tokenizer_states.h */,
				5EC11F3918837E1E002C8580 /* tokenizer.c */,
				5EC11F3A18837E1E002C8580 /* tokenizer.h */,
				5EC11F3B18837E1E002C8580 /* utf8.c */,
				5EC11F3C18837E1E002C8580 /* utf8.h */,
				5EC11F3D18837E1E002C8580 /* util.c */,
				5EC11F3E18837E1E002C8580 /* util.h */,
				5EC11F3F18837E1E002C8580 /* vector.c */,
				5EC11F4018837E1E002C8580 /* vector.h */,
			);
			path = Gumbo;
			sourceTree = "<group>";
		};
		5EC11F2118837DE2002C8580 /* OCGumbo */ = {
			isa = PBXGroup;
			children = (
				5EC11F2218837DFF002C8580 /* OCGumbo.h */,
				5EC11F2318837DFF002C8580 /* OCGumbo.m */,
				5EC11F2418837DFF002C8580 /* OCGumbo+Query.h */,
				5EC11F2518837DFF002C8580 /* OCGumbo+Query.m */,
			);
			path = OCGumbo;
			sourceTree = "<group>";
		};
		5EFBC40D1883745500F8CE6B = {
			isa = PBXGroup;
			children = (
				5EFBC41F1883745500F8CE6B /* iNGA */,
				5EFBC43E1883745500F8CE6B /* iNGATests */,
				5EFBC4181883745500F8CE6B /* Frameworks */,
				5EFBC4171883745500F8CE6B /* Products */,
				59929BB69B2A462F82E766D0 /* Pods.xcconfig */,
			);
			sourceTree = "<group>";
		};
		5EFBC4171883745500F8CE6B /* Products */ = {
			isa = PBXGroup;
			children = (
				5EFBC4161883745500F8CE6B /* iNGA.app */,
				5EFBC4371883745500F8CE6B /* iNGATests.xctest */,
			);
			name = Products;
			sourceTree = "<group>";
		};
		5EFBC4181883745500F8CE6B /* Frameworks */ = {
			isa = PBXGroup;
			children = (
				5EFBC4191883745500F8CE6B /* Foundation.framework */,
				5EFBC41B1883745500F8CE6B /* CoreGraphics.framework */,
				5EFBC41D1883745500F8CE6B /* UIKit.framework */,
				5EFBC4381883745500F8CE6B /* XCTest.framework */,
				AF5B19146BB94800B38D4B26 /* libPods.a */,
			);
			name = Frameworks;
			sourceTree = "<group>";
		};
		5EFBC41F1883745500F8CE6B /* iNGA */ = {
			isa = PBXGroup;
			children = (
				5EFBC4281883745500F8CE6B /* NGAAppDelegate.h */,
				5EFBC4291883745500F8CE6B /* NGAAppDelegate.m */,
				5EC11EF21883797E002C8580 /* Classes */,
				5EFBC42B1883745500F8CE6B /* Main.storyboard */,
				5EFBC4201883745500F8CE6B /* Supporting Files */,
			);
			path = iNGA;
			sourceTree = "<group>";
		};
		5EFBC4201883745500F8CE6B /* Supporting Files */ = {
			isa = PBXGroup;
			children = (
				5EFBC4311883745500F8CE6B /* Images.xcassets */,
				5EFBC4211883745500F8CE6B /* iNGA-Info.plist */,
				5EFBC4221883745500F8CE6B /* InfoPlist.strings */,
				5EFBC4251883745500F8CE6B /* main.m */,
				5EFBC4271883745500F8CE6B /* iNGA-Prefix.pch */,
			);
			name = "Supporting Files";
			sourceTree = "<group>";
		};
		5EFBC43E1883745500F8CE6B /* iNGATests */ = {
			isa = PBXGroup;
			children = (
				5EFBC4441883745500F8CE6B /* iNGATests.m */,
				5EFBC43F1883745500F8CE6B /* Supporting Files */,
			);
			path = iNGATests;
			sourceTree = "<group>";
		};
		5EFBC43F1883745500F8CE6B /* Supporting Files */ = {
			isa = PBXGroup;
			children = (
				5EFBC4401883745500F8CE6B /* iNGATests-Info.plist */,
				5EFBC4411883745500F8CE6B /* InfoPlist.strings */,
			);
			name = "Supporting Files";
			sourceTree = "<group>";
		};
/* End PBXGroup section */

/* Begin PBXNativeTarget section */
		5EFBC4151883745500F8CE6B /* iNGA */ = {
			isa = PBXNativeTarget;
			buildConfigurationList = 5EFBC4481883745500F8CE6B /* Build configuration list for PBXNativeTarget "iNGA" */;
			buildPhases = (
				B8696E75BE9F432397D26CB4 /* Check Pods Manifest.lock */,
				5EFBC4121883745500F8CE6B /* Sources */,
				5EFBC4131883745500F8CE6B /* Frameworks */,
				5EFBC4141883745500F8CE6B /* Resources */,
				C7908D0ECE1B460EB1B15BBE /* Copy Pods Resources */,
			);
			buildRules = (
			);
			dependencies = (
			);
			name = iNGA;
			productName = iNGA;
			productReference = 5EFBC4161883745500F8CE6B /* iNGA.app */;
			productType = "com.apple.product-type.application";
		};
		5EFBC4361883745500F8CE6B /* iNGATests */ = {
			isa = PBXNativeTarget;
			buildConfigurationList = 5EFBC44B1883745500F8CE6B /* Build configuration list for PBXNativeTarget "iNGATests" */;
			buildPhases = (
				5EFBC4331883745500F8CE6B /* Sources */,
				5EFBC4341883745500F8CE6B /* Frameworks */,
				5EFBC4351883745500F8CE6B /* Resources */,
			);
			buildRules = (
			);
			dependencies = (
				5EFBC43D1883745500F8CE6B /* PBXTargetDependency */,
			);
			name = iNGATests;
			productName = iNGATests;
			productReference = 5EFBC4371883745500F8CE6B /* iNGATests.xctest */;
			productType = "com.apple.product-type.bundle.unit-test";
		};
/* End PBXNativeTarget section */

/* Begin PBXProject section */
		5EFBC40E1883745500F8CE6B /* Project object */ = {
			isa = PBXProject;
			attributes = {
				CLASSPREFIX = NGA;
				LastUpgradeCheck = 0500;
				ORGANIZATIONNAME = WildCat;
				TargetAttributes = {
					5EFBC4361883745500F8CE6B = {
						TestTargetID = 5EFBC4151883745500F8CE6B;
					};
				};
			};
			buildConfigurationList = 5EFBC4111883745500F8CE6B /* Build configuration list for PBXProject "iNGA" */;
			compatibilityVersion = "Xcode 3.2";
			developmentRegion = English;
			hasScannedForEncodings = 0;
			knownRegions = (
				en,
				Base,
			);
			mainGroup = 5EFBC40D1883745500F8CE6B;
			productRefGroup = 5EFBC4171883745500F8CE6B /* Products */;
			projectDirPath = "";
			projectRoot = "";
			targets = (
				5EFBC4151883745500F8CE6B /* iNGA */,
				5EFBC4361883745500F8CE6B /* iNGATests */,
			);
		};
/* End PBXProject section */

/* Begin PBXResourcesBuildPhase section */
		5EFBC4141883745500F8CE6B /* Resources */ = {
			isa = PBXResourcesBuildPhase;
			buildActionMask = 2147483647;
			files = (
				5EFBC4321883745500F8CE6B /* Images.xcassets in Resources */,
				5EFBC4241883745500F8CE6B /* InfoPlist.strings in Resources */,
				5EFBC42D1883745500F8CE6B /* Main.storyboard in Resources */,
			);
			runOnlyForDeploymentPostprocessing = 0;
		};
		5EFBC4351883745500F8CE6B /* Resources */ = {
			isa = PBXResourcesBuildPhase;
			buildActionMask = 2147483647;
			files = (
				5EFBC4431883745500F8CE6B /* InfoPlist.strings in Resources */,
			);
			runOnlyForDeploymentPostprocessing = 0;
		};
/* End PBXResourcesBuildPhase section */

/* Begin PBXShellScriptBuildPhase section */
		B8696E75BE9F432397D26CB4 /* Check Pods Manifest.lock */ = {
			isa = PBXShellScriptBuildPhase;
			buildActionMask = 2147483647;
			files = (
			);
			inputPaths = (
			);
			name = "Check Pods Manifest.lock";
			outputPaths = (
			);
			runOnlyForDeploymentPostprocessing = 0;
			shellPath = /bin/sh;
			shellScript = "diff \"${PODS_ROOT}/../Podfile.lock\" \"${PODS_ROOT}/Manifest.lock\" > /dev/null\nif [[ $? != 0 ]] ; then\n    cat << EOM\nerror: The sandbox is not in sync with the Podfile.lock. Run 'pod install' or update your CocoaPods installation.\nEOM\n    exit 1\nfi\n";
			showEnvVarsInLog = 0;
		};
		C7908D0ECE1B460EB1B15BBE /* Copy Pods Resources */ = {
			isa = PBXShellScriptBuildPhase;
			buildActionMask = 2147483647;
			files = (
			);
			inputPaths = (
			);
			name = "Copy Pods Resources";
			outputPaths = (
			);
			runOnlyForDeploymentPostprocessing = 0;
			shellPath = /bin/sh;
			shellScript = "\"${SRCROOT}/Pods/Pods-resources.sh\"\n";
			showEnvVarsInLog = 0;
		};
/* End PBXShellScriptBuildPhase section */

/* Begin PBXSourcesBuildPhase section */
		5EFBC4121883745500F8CE6B /* Sources */ = {
			isa = PBXSourcesBuildPhase;
			buildActionMask = 2147483647;
			files = (
				5EC11F4918837E1E002C8580 /* utf8.c in Sources */,
				5EC11F4718837E1E002C8580 /* tag.c in Sources */,
				5EFBC4261883745500F8CE6B /* main.m in Sources */,
				5EC11F4618837E1E002C8580 /* string_piece.c in Sources */,
				5EC11F1918837BC5002C8580 /* NGABaseHttpClient.m in Sources */,
				5EC11F5118837EEF002C8580 /* NGAMenuViewController.m in Sources */,
				5EC11F4518837E1E002C8580 /* string_buffer.c in Sources */,
				5EC11F4118837E1E002C8580 /* attribute.c in Sources */,
				5EC11F1E18837C27002C8580 /* NGARootViewController.m in Sources */,
				5EC11F4818837E1E002C8580 /* tokenizer.c in Sources */,
				5EC11F4B18837E1E002C8580 /* vector.c in Sources */,
				5EC11F1A18837BC5002C8580 /* NGAJSONHttpClient.m in Sources */,
				5EC11F4218837E1E002C8580 /* char_ref.c in Sources */,
				5EC11F4318837E1E002C8580 /* error.c in Sources */,
				5EFBC42A1883745500F8CE6B /* NGAAppDelegate.m in Sources */,
				5EC11F2618837DFF002C8580 /* OCGumbo.m in Sources */,
				5EC11F5718837F7E002C8580 /* NGASettingViewController.m in Sources */,
				5EC11F1B18837BC5002C8580 /* NGAUserLoginUtil.m in Sources */,
				5EC11F5418837F5D002C8580 /* NGAHomeViewController.m in Sources */,
				5EC11F4418837E1E002C8580 /* parser.c in Sources */,
				5EC11F2718837DFF002C8580 /* OCGumbo+Query.m in Sources */,
				5EC11F4A18837E1E002C8580 /* util.c in Sources */,
			);
			runOnlyForDeploymentPostprocessing = 0;
		};
		5EFBC4331883745500F8CE6B /* Sources */ = {
			isa = PBXSourcesBuildPhase;
			buildActionMask = 2147483647;
			files = (
				5EFBC4451883745500F8CE6B /* iNGATests.m in Sources */,
			);
			runOnlyForDeploymentPostprocessing = 0;
		};
/* End PBXSourcesBuildPhase section */

/* Begin PBXTargetDependency section */
		5EFBC43D1883745500F8CE6B /* PBXTargetDependency */ = {
			isa = PBXTargetDependency;
			target = 5EFBC4151883745500F8CE6B /* iNGA */;
			targetProxy = 5EFBC43C1883745500F8CE6B /* PBXContainerItemProxy */;
		};
/* End PBXTargetDependency section */

/* Begin PBXVariantGroup section */
		5EFBC4221883745500F8CE6B /* InfoPlist.strings */ = {
			isa = PBXVariantGroup;
			children = (
				5EFBC4231883745500F8CE6B /* en */,
			);
			name = InfoPlist.strings;
			sourceTree = "<group>";
		};
		5EFBC42B1883745500F8CE6B /* Main.storyboard */ = {
			isa = PBXVariantGroup;
			children = (
				5EFBC42C1883745500F8CE6B /* Base */,
			);
			name = Main.storyboard;
			sourceTree = "<group>";
		};
		5EFBC4411883745500F8CE6B /* InfoPlist.strings */ = {
			isa = PBXVariantGroup;
			children = (
				5EFBC4421883745500F8CE6B /* en */,
			);
			name = InfoPlist.strings;
			sourceTree = "<group>";
		};
/* End PBXVariantGroup section */

/* Begin XCBuildConfiguration section */
		5EFBC4461883745500F8CE6B /* Debug */ = {
			isa = XCBuildConfiguration;
			buildSettings = {
				ALWAYS_SEARCH_USER_PATHS = NO;
				ARCHS = "$(ARCHS_STANDARD_INCLUDING_64_BIT)";
				CLANG_CXX_LANGUAGE_STANDARD = "gnu++0x";
				CLANG_CXX_LIBRARY = "libc++";
				CLANG_ENABLE_MODULES = YES;
				CLANG_ENABLE_OBJC_ARC = YES;
				CLANG_WARN_BOOL_CONVERSION = YES;
				CLANG_WARN_CONSTANT_CONVERSION = YES;
				CLANG_WARN_DIRECT_OBJC_ISA_USAGE = YES_ERROR;
				CLANG_WARN_EMPTY_BODY = YES;
				CLANG_WARN_ENUM_CONVERSION = YES;
				CLANG_WARN_INT_CONVERSION = YES;
				CLANG_WARN_OBJC_ROOT_CLASS = YES_ERROR;
				CLANG_WARN__DUPLICATE_METHOD_MATCH = YES;
				"CODE_SIGN_IDENTITY[sdk=iphoneos*]" = "iPhone Developer";
				COPY_PHASE_STRIP = NO;
				GCC_C_LANGUAGE_STANDARD = gnu99;
				GCC_DYNAMIC_NO_PIC = NO;
				GCC_OPTIMIZATION_LEVEL = 0;
				GCC_PREPROCESSOR_DEFINITIONS = (
					"DEBUG=1",
					"$(inherited)",
				);
				GCC_SYMBOLS_PRIVATE_EXTERN = NO;
				GCC_WARN_64_TO_32_BIT_CONVERSION = YES;
				GCC_WARN_ABOUT_RETURN_TYPE = YES_ERROR;
				GCC_WARN_UNDECLARED_SELECTOR = YES;
				GCC_WARN_UNINITIALIZED_AUTOS = YES;
				GCC_WARN_UNUSED_FUNCTION = YES;
				GCC_WARN_UNUSED_VARIABLE = YES;
				IPHONEOS_DEPLOYMENT_TARGET = 7.0;
				ONLY_ACTIVE_ARCH = YES;
				SDKROOT = iphoneos;
			};
			name = Debug;
		};
		5EFBC4471883745500F8CE6B /* Release */ = {
			isa = XCBuildConfiguration;
			buildSettings = {
				ALWAYS_SEARCH_USER_PATHS = NO;
				ARCHS = "$(ARCHS_STANDARD_INCLUDING_64_BIT)";
				CLANG_CXX_LANGUAGE_STANDARD = "gnu++0x";
				CLANG_CXX_LIBRARY = "libc++";
				CLANG_ENABLE_MODULES = YES;
				CLANG_ENABLE_OBJC_ARC = YES;
				CLANG_WARN_BOOL_CONVERSION = YES;
				CLANG_WARN_CONSTANT_CONVERSION = YES;
				CLANG_WARN_DIRECT_OBJC_ISA_USAGE = YES_ERROR;
				CLANG_WARN_EMPTY_BODY = YES;
				CLANG_WARN_ENUM_CONVERSION = YES;
				CLANG_WARN_INT_CONVERSION = YES;
				CLANG_WARN_OBJC_ROOT_CLASS = YES_ERROR;
				CLANG_WARN__DUPLICATE_METHOD_MATCH = YES;
				"CODE_SIGN_IDENTITY[sdk=iphoneos*]" = "iPhone Developer";
				COPY_PHASE_STRIP = YES;
				ENABLE_NS_ASSERTIONS = NO;
				GCC_C_LANGUAGE_STANDARD = gnu99;
				GCC_WARN_64_TO_32_BIT_CONVERSION = YES;
				GCC_WARN_ABOUT_RETURN_TYPE = YES_ERROR;
				GCC_WARN_UNDECLARED_SELECTOR = YES;
				GCC_WARN_UNINITIALIZED_AUTOS = YES;
				GCC_WARN_UNUSED_FUNCTION = YES;
				GCC_WARN_UNUSED_VARIABLE = YES;
				IPHONEOS_DEPLOYMENT_TARGET = 7.0;
				SDKROOT = iphoneos;
				VALIDATE_PRODUCT = YES;
			};
			name = Release;
		};
		5EFBC4491883745500F8CE6B /* Debug */ = {
			isa = XCBuildConfiguration;
			baseConfigurationReference = 59929BB69B2A462F82E766D0 /* Pods.xcconfig */;
			buildSettings = {
				ASSETCATALOG_COMPILER_APPICON_NAME = AppIcon;
				ASSETCATALOG_COMPILER_LAUNCHIMAGE_NAME = LaunchImage;
				GCC_PRECOMPILE_PREFIX_HEADER = YES;
				GCC_PREFIX_HEADER = "iNGA/iNGA-Prefix.pch";
				INFOPLIST_FILE = "iNGA/iNGA-Info.plist";
				IPHONEOS_DEPLOYMENT_TARGET = 7.0;
				PRODUCT_NAME = "$(TARGET_NAME)";
				TARGETED_DEVICE_FAMILY = 1;
				WRAPPER_EXTENSION = app;
			};
			name = Debug;
		};
		5EFBC44A1883745500F8CE6B /* Release */ = {
			isa = XCBuildConfiguration;
			baseConfigurationReference = 59929BB69B2A462F82E766D0 /* Pods.xcconfig */;
			buildSettings = {
				ASSETCATALOG_COMPILER_APPICON_NAME = AppIcon;
				ASSETCATALOG_COMPILER_LAUNCHIMAGE_NAME = LaunchImage;
				GCC_PRECOMPILE_PREFIX_HEADER = YES;
				GCC_PREFIX_HEADER = "iNGA/iNGA-Prefix.pch";
				INFOPLIST_FILE = "iNGA/iNGA-Info.plist";
				IPHONEOS_DEPLOYMENT_TARGET = 7.0;
				PRODUCT_NAME = "$(TARGET_NAME)";
				TARGETED_DEVICE_FAMILY = 1;
				WRAPPER_EXTENSION = app;
			};
			name = Release;
		};
		5EFBC44C1883745500F8CE6B /* Debug */ = {
			isa = XCBuildConfiguration;
			buildSettings = {
				ARCHS = "$(ARCHS_STANDARD_INCLUDING_64_BIT)";
				BUNDLE_LOADER = "$(BUILT_PRODUCTS_DIR)/iNGA.app/iNGA";
				FRAMEWORK_SEARCH_PATHS = (
					"$(SDKROOT)/Developer/Library/Frameworks",
					"$(inherited)",
					"$(DEVELOPER_FRAMEWORKS_DIR)",
				);
				GCC_PRECOMPILE_PREFIX_HEADER = YES;
				GCC_PREFIX_HEADER = "iNGA/iNGA-Prefix.pch";
				GCC_PREPROCESSOR_DEFINITIONS = (
					"DEBUG=1",
					"$(inherited)",
				);
				INFOPLIST_FILE = "iNGATests/iNGATests-Info.plist";
				PRODUCT_NAME = "$(TARGET_NAME)";
				TEST_HOST = "$(BUNDLE_LOADER)";
				WRAPPER_EXTENSION = xctest;
			};
			name = Debug;
		};
		5EFBC44D1883745500F8CE6B /* Release */ = {
			isa = XCBuildConfiguration;
			buildSettings = {
				ARCHS = "$(ARCHS_STANDARD_INCLUDING_64_BIT)";
				BUNDLE_LOADER = "$(BUILT_PRODUCTS_DIR)/iNGA.app/iNGA";
				FRAMEWORK_SEARCH_PATHS = (
					"$(SDKROOT)/Developer/Library/Frameworks",
					"$(inherited)",
					"$(DEVELOPER_FRAMEWORKS_DIR)",
				);
				GCC_PRECOMPILE_PREFIX_HEADER = YES;
				GCC_PREFIX_HEADER = "iNGA/iNGA-Prefix.pch";
				INFOPLIST_FILE = "iNGATests/iNGATests-Info.plist";
				PRODUCT_NAME = "$(TARGET_NAME)";
				TEST_HOST = "$(BUNDLE_LOADER)";
				WRAPPER_EXTENSION = xctest;
			};
			name = Release;
		};
/* End XCBuildConfiguration section */

/* Begin XCConfigurationList section */
		5EFBC4111883745500F8CE6B /* Build configuration list for PBXProject "iNGA" */ = {
			isa = XCConfigurationList;
			buildConfigurations = (
				5EFBC4461883745500F8CE6B /* Debug */,
				5EFBC4471883745500F8CE6B /* Release */,
			);
			defaultConfigurationIsVisible = 0;
			defaultConfigurationName = Release;
		};
		5EFBC4481883745500F8CE6B /* Build configuration list for PBXNativeTarget "iNGA" */ = {
			isa = XCConfigurationList;
			buildConfigurations = (
				5EFBC4491883745500F8CE6B /* Debug */,
				5EFBC44A1883745500F8CE6B /* Release */,
			);
			defaultConfigurationIsVisible = 0;
			defaultConfigurationName = Release;
		};
		5EFBC44B1883745500F8CE6B /* Build configuration list for PBXNativeTarget "iNGATests" */ = {
			isa = XCConfigurationList;
			buildConfigurations = (
				5EFBC44C1883745500F8CE6B /* Debug */,
				5EFBC44D1883745500F8CE6B /* Release */,
			);
			defaultConfigurationIsVisible = 0;
			defaultConfigurationName = Release;
		};
/* End XCConfigurationList section */
	};
	rootObject = 5EFBC40E1883745500F8CE6B /* Project object */;
}
